
Microsoft Visual Studio Solution File, Format Version 12.00
# Visual Studio Version 17
VisualStudioVersion = 17.9.34728.123
MinimumVisualStudioVersion = 10.0.40219.1
Project("{FAE04EC0-301F-11D3-BF4B-00C04F79EFBC}") = "OgrenciNotSistemi", "OgrenciNotSistemi\OgrenciNotSistemi.csproj", "{93B8A699-8D3C-4898-8456-41B3B52FEB6E}"
EndProject
Global
	GlobalSection(SolutionConfigurationPlatforms) = preSolution
		Debug|Any CPU = Debug|Any CPU
		Release|Any CPU = Release|Any CPU
	EndGlobalSection
	GlobalSection(ProjectConfigurationPlatforms) = postSolution
		{93B8A699-8D3C-4898-8456-41B3B52FEB6E}.Debug|Any CPU.ActiveCfg = Debug|Any CPU
		{93B8A699-8D3C-4898-8456-41B3B52FEB6E}.Debug|Any CPU.Build.0 = Debug|Any CPU
		{93B8A699-8D3C-4898-8456-41B3B52FEB6E}.Release|Any CPU.ActiveCfg = Release|Any CPU
		{93B8A699-8D3C-4898-8456-41B3B52FEB6E}.Release|Any CPU.Build.0 = Release|Any CPU
	EndGlobalSection
	GlobalSection(SolutionProperties) = preSolution
		HideSolutionNode = FALSE
	EndGlobalSection
	GlobalSection(ExtensibilityGlobals) = postSolution
		SolutionGuid = {ECEDB9C2-256E-4AF4-8D43-7990C295CFCA}
	EndGlobalSection
EndGlobal
